// !$*UTF8*$!
{
	archiveVersion = 1;
	classes = {
	};
	objectVersion = 48;
	objects = {

/* Begin PBXBuildFile section */
		B5EA87C31F819CB500BDCE42 /* AppDelegate.swift in Sources */ = {isa = PBXBuildFile; fileRef = B5EA87C21F819CB500BDCE42 /* AppDelegate.swift */; };
		B5EA87C51F819CB500BDCE42 /* ViewController.swift in Sources */ = {isa = PBXBuildFile; fileRef = B5EA87C41F819CB500BDCE42 /* ViewController.swift */; };
		B5EA87C81F819CB500BDCE42 /* Main.storyboard in Resources */ = {isa = PBXBuildFile; fileRef = B5EA87C61F819CB500BDCE42 /* Main.storyboard */; };
		B5EA87CA1F819CB500BDCE42 /* Assets.xcassets in Resources */ = {isa = PBXBuildFile; fileRef = B5EA87C91F819CB500BDCE42 /* Assets.xcassets */; };
		B5EA87CD1F819CB500BDCE42 /* LaunchScreen.storyboard in Resources */ = {isa = PBXBuildFile; fileRef = B5EA87CB1F819CB500BDCE42 /* LaunchScreen.storyboard */; };
		B5EA87D81F819CB500BDCE42 /* LyricLabTests.swift in Sources */ = {isa = PBXBuildFile; fileRef = B5EA87D71F819CB500BDCE42 /* LyricLabTests.swift */; };
		B5EA87E31F819CB500BDCE42 /* LyricLabUITests.swift in Sources */ = {isa = PBXBuildFile; fileRef = B5EA87E21F819CB500BDCE42 /* LyricLabUITests.swift */; };
/* End PBXBuildFile section */

/* Begin PBXContainerItemProxy section */
		B5EA87D41F819CB500BDCE42 /* PBXContainerItemProxy */ = {
			isa = PBXContainerItemProxy;
			containerPortal = B5EA87B71F819CB500BDCE42 /* Project object */;
			proxyType = 1;
			remoteGlobalIDString = B5EA87BE1F819CB500BDCE42;
			remoteInfo = LyricLab;
		};
		B5EA87DF1F819CB500BDCE42 /* PBXContainerItemProxy */ = {
			isa = PBXContainerItemProxy;
			containerPortal = B5EA87B71F819CB500BDCE42 /* Project object */;
			proxyType = 1;
			remoteGlobalIDString = B5EA87BE1F819CB500BDCE42;
			remoteInfo = LyricLab;
		};
/* End PBXContainerItemProxy section */

/* Begin PBXFileReference section */
		B5EA87BF1F819CB500BDCE42 /* LyricLab.app */ = {isa = PBXFileReference; explicitFileType = wrapper.application; includeInIndex = 0; path = LyricLab.app; sourceTree = BUILT_PRODUCTS_DIR; };
		B5EA87C21F819CB500BDCE42 /* AppDelegate.swift */ = {isa = PBXFileReference; lastKnownFileType = sourcecode.swift; path = AppDelegate.swift; sourceTree = "<group>"; };
		B5EA87C41F819CB500BDCE42 /* ViewController.swift */ = {isa = PBXFileReference; lastKnownFileType = sourcecode.swift; path = ViewController.swift; sourceTree = "<group>"; };
		B5EA87C71F819CB500BDCE42 /* Base */ = {isa = PBXFileReference; lastKnownFileType = file.storyboard; name = Base; path = Base.lproj/Main.storyboard; sourceTree = "<group>"; };
		B5EA87C91F819CB500BDCE42 /* Assets.xcassets */ = {isa = PBXFileReference; lastKnownFileType = folder.assetcatalog; path = Assets.xcassets; sourceTree = "<group>"; };
		B5EA87CC1F819CB500BDCE42 /* Base */ = {isa = PBXFileReference; lastKnownFileType = file.storyboard; name = Base; path = Base.lproj/LaunchScreen.storyboard; sourceTree = "<group>"; };
		B5EA87CE1F819CB500BDCE42 /* Info.plist */ = {isa = PBXFileReference; lastKnownFileType = text.plist.xml; path = Info.plist; sourceTree = "<group>"; };
		B5EA87D31F819CB500BDCE42 /* LyricLabTests.xctest */ = {isa = PBXFileReference; explicitFileType = wrapper.cfbundle; includeInIndex = 0; path = LyricLabTests.xctest; sourceTree = BUILT_PRODUCTS_DIR; };
		B5EA87D71F819CB500BDCE42 /* LyricLabTests.swift */ = {isa = PBXFileReference; lastKnownFileType = sourcecode.swift; path = LyricLabTests.swift; sourceTree = "<group>"; };
		B5EA87D91F819CB500BDCE42 /* Info.plist */ = {isa = PBXFileReference; lastKnownFileType = text.plist.xml; path = Info.plist; sourceTree = "<group>"; };
		B5EA87DE1F819CB500BDCE42 /* LyricLabUITests.xctest */ = {isa = PBXFileReference; explicitFileType = wrapper.cfbundle; includeInIndex = 0; path = LyricLabUITests.xctest; sourceTree = BUILT_PRODUCTS_DIR; };
		B5EA87E21F819CB500BDCE42 /* LyricLabUITests.swift */ = {isa = PBXFileReference; lastKnownFileType = sourcecode.swift; path = LyricLabUITests.swift; sourceTree = "<group>"; };
		B5EA87E41F819CB500BDCE42 /* Info.plist */ = {isa = PBXFileReference; lastKnownFileType = text.plist.xml; path = Info.plist; sourceTree = "<group>"; };
/* End PBXFileReference section */

/* Begin PBXFrameworksBuildPhase section */
		B5EA87BC1F819CB500BDCE42 /* Frameworks */ = {
			isa = PBXFrameworksBuildPhase;
			buildActionMask = 2147483647;
			files = (
			);
			runOnlyForDeploymentPostprocessing = 0;
		};
		B5EA87D01F819CB500BDCE42 /* Frameworks */ = {
			isa = PBXFrameworksBuildPhase;
			buildActionMask = 2147483647;
			files = (
			);
			runOnlyForDeploymentPostprocessing = 0;
		};
		B5EA87DB1F819CB500BDCE42 /* Frameworks */ = {
			isa = PBXFrameworksBuildPhase;
			buildActionMask = 2147483647;
			files = (
			);
			runOnlyForDeploymentPostprocessing = 0;
		};
/* End PBXFrameworksBuildPhase section */

/* Begin PBXGroup section */
		B5EA87B61F819CB500BDCE42 = {
			isa = PBXGroup;
			children = (
				B5EA87C11F819CB500BDCE42 /* LyricLab */,
				B5EA87D61F819CB500BDCE42 /* LyricLabTests */,
				B5EA87E11F819CB500BDCE42 /* LyricLabUITests */,
				B5EA87C01F819CB500BDCE42 /* Products */,
			);
			sourceTree = "<group>";
		};
		B5EA87C01F819CB500BDCE42 /* Products */ = {
			isa = PBXGroup;
			children = (
				B5EA87BF1F819CB500BDCE42 /* LyricLab.app */,
				B5EA87D31F819CB500BDCE42 /* LyricLabTests.xctest */,
				B5EA87DE1F819CB500BDCE42 /* LyricLabUITests.xctest */,
			);
			name = Products;
			sourceTree = "<group>";
		};
		B5EA87C11F819CB500BDCE42 /* LyricLab */ = {
			isa = PBXGroup;
			children = (
				B5EA87C21F819CB500BDCE42 /* AppDelegate.swift */,
				B5EA87C41F819CB500BDCE42 /* ViewController.swift */,
				B5EA87C61F819CB500BDCE42 /* Main.storyboard */,
				B5EA87C91F819CB500BDCE42 /* Assets.xcassets */,
				B5EA87CB1F819CB500BDCE42 /* LaunchScreen.storyboard */,
				B5EA87CE1F819CB500BDCE42 /* Info.plist */,
			);
			path = LyricLab;
			sourceTree = "<group>";
		};
		B5EA87D61F819CB500BDCE42 /* LyricLabTests */ = {
			isa = PBXGroup;
			children = (
				B5EA87D71F819CB500BDCE42 /* LyricLabTests.swift */,
				B5EA87D91F819CB500BDCE42 /* Info.plist */,
			);
			path = LyricLabTests;
			sourceTree = "<group>";
		};
		B5EA87E11F819CB500BDCE42 /* LyricLabUITests */ = {
			isa = PBXGroup;
			children = (
				B5EA87E21F819CB500BDCE42 /* LyricLabUITests.swift */,
				B5EA87E41F819CB500BDCE42 /* Info.plist */,
			);
			path = LyricLabUITests;
			sourceTree = "<group>";
		};
/* End PBXGroup section */

/* Begin PBXNativeTarget section */
		B5EA87BE1F819CB500BDCE42 /* LyricLab */ = {
			isa = PBXNativeTarget;
			buildConfigurationList = B5EA87E71F819CB500BDCE42 /* Build configuration list for PBXNativeTarget "LyricLab" */;
			buildPhases = (
				B5EA87BB1F819CB500BDCE42 /* Sources */,
				B5EA87BC1F819CB500BDCE42 /* Frameworks */,
				B5EA87BD1F819CB500BDCE42 /* Resources */,
			);
			buildRules = (
			);
			dependencies = (
			);
			name = LyricLab;
			productName = LyricLab;
			productReference = B5EA87BF1F819CB500BDCE42 /* LyricLab.app */;
			productType = "com.apple.product-type.application";
		};
		B5EA87D21F819CB500BDCE42 /* LyricLabTests */ = {
			isa = PBXNativeTarget;
			buildConfigurationList = B5EA87EA1F819CB500BDCE42 /* Build configuration list for PBXNativeTarget "LyricLabTests" */;
			buildPhases = (
				B5EA87CF1F819CB500BDCE42 /* Sources */,
				B5EA87D01F819CB500BDCE42 /* Frameworks */,
				B5EA87D11F819CB500BDCE42 /* Resources */,
			);
			buildRules = (
			);
			dependencies = (
				B5EA87D51F819CB500BDCE42 /* PBXTargetDependency */,
			);
			name = LyricLabTests;
			productName = LyricLabTests;
			productReference = B5EA87D31F819CB500BDCE42 /* LyricLabTests.xctest */;
			productType = "com.apple.product-type.bundle.unit-test";
		};
		B5EA87DD1F819CB500BDCE42 /* LyricLabUITests */ = {
			isa = PBXNativeTarget;
			buildConfigurationList = B5EA87ED1F819CB500BDCE42 /* Build configuration list for PBXNativeTarget "LyricLabUITests" */;
			buildPhases = (
				B5EA87DA1F819CB500BDCE42 /* Sources */,
				B5EA87DB1F819CB500BDCE42 /* Frameworks */,
				B5EA87DC1F819CB500BDCE42 /* Resources */,
			);
			buildRules = (
			);
			dependencies = (
				B5EA87E01F819CB500BDCE42 /* PBXTargetDependency */,
			);
			name = LyricLabUITests;
			productName = LyricLabUITests;
			productReference = B5EA87DE1F819CB500BDCE42 /* LyricLabUITests.xctest */;
			productType = "com.apple.product-type.bundle.ui-testing";
		};
/* End PBXNativeTarget section */

/* Begin PBXProject section */
		B5EA87B71F819CB500BDCE42 /* Project object */ = {
			isa = PBXProject;
			attributes = {
				LastSwiftUpdateCheck = 0900;
				LastUpgradeCheck = 0900;
				ORGANIZATIONNAME = "Punya Chatterjee";
				TargetAttributes = {
					B5EA87BE1F819CB500BDCE42 = {
						CreatedOnToolsVersion = 9.0;
						ProvisioningStyle = Automatic;
					};
					B5EA87D21F819CB500BDCE42 = {
						CreatedOnToolsVersion = 9.0;
						ProvisioningStyle = Automatic;
						TestTargetID = B5EA87BE1F819CB500BDCE42;
					};
					B5EA87DD1F819CB500BDCE42 = {
						CreatedOnToolsVersion = 9.0;
						ProvisioningStyle = Automatic;
						TestTargetID = B5EA87BE1F819CB500BDCE42;
					};
				};
			};
			buildConfigurationList = B5EA87BA1F819CB500BDCE42 /* Build configuration list for PBXProject "LyricLab" */;
			compatibilityVersion = "Xcode 8.0";
			developmentRegion = en;
			hasScannedForEncodings = 0;
			knownRegions = (
				en,
				Base,
			);
			mainGroup = B5EA87B61F819CB500BDCE42;
			productRefGroup = B5EA87C01F819CB500BDCE42 /* Products */;
			projectDirPath = "";
			projectRoot = "";
			targets = (
				B5EA87BE1F819CB500BDCE42 /* LyricLab */,
				B5EA87D21F819CB500BDCE42 /* LyricLabTests */,
				B5EA87DD1F819CB500BDCE42 /* LyricLabUITests */,
			);
		};
/* End PBXProject section */

/* Begin PBXResourcesBuildPhase section */
		B5EA87BD1F819CB500BDCE42 /* Resources */ = {
			isa = PBXResourcesBuildPhase;
			buildActionMask = 2147483647;
			files = (
				B5EA87CD1F819CB500BDCE42 /* LaunchScreen.storyboard in Resources */,
				B5EA87CA1F819CB500BDCE42 /* Assets.xcassets in Resources */,
				B5EA87C81F819CB500BDCE42 /* Main.storyboard in Resources */,
			);
			runOnlyForDeploymentPostprocessing = 0;
		};
		B5EA87D11F819CB500BDCE42 /* Resources */ = {
			isa = PBXResourcesBuildPhase;
			buildActionMask = 2147483647;
			files = (
			);
			runOnlyForDeploymentPostprocessing = 0;
		};
		B5EA87DC1F819CB500BDCE42 /* Resources */ = {
			isa = PBXResourcesBuildPhase;
			buildActionMask = 2147483647;
			files = (
			);
			runOnlyForDeploymentPostprocessing = 0;
		};
/* End PBXResourcesBuildPhase section */

/* Begin PBXSourcesBuildPhase section */
		B5EA87BB1F819CB500BDCE42 /* Sources */ = {
			isa = PBXSourcesBuildPhase;
			buildActionMask = 2147483647;
			files = (
				B5EA87C51F819CB500BDCE42 /* ViewController.swift in Sources */,
				B5EA87C31F819CB500BDCE42 /* AppDelegate.swift in Sources */,
			);
			runOnlyForDeploymentPostprocessing = 0;
		};
		B5EA87CF1F819CB500BDCE42 /* Sources */ = {
			isa = PBXSourcesBuildPhase;
			buildActionMask = 2147483647;
			files = (
				B5EA87D81F819CB500BDCE42 /* LyricLabTests.swift in Sources */,
			);
			runOnlyForDeploymentPostprocessing = 0;
		};
		B5EA87DA1F819CB500BDCE42 /* Sources */ = {
			isa = PBXSourcesBuildPhase;
			buildActionMask = 2147483647;
			files = (
				B5EA87E31F819CB500BDCE42 /* LyricLabUITests.swift in Sources */,
			);
			runOnlyForDeploymentPostprocessing = 0;
		};
/* End PBXSourcesBuildPhase section */

/* Begin PBXTargetDependency section */
		B5EA87D51F819CB500BDCE42 /* PBXTargetDependency */ = {
			isa = PBXTargetDependency;
			target = B5EA87BE1F819CB500BDCE42 /* LyricLab */;
			targetProxy = B5EA87D41F819CB500BDCE42 /* PBXContainerItemProxy */;
		};
		B5EA87E01F819CB500BDCE42 /* PBXTargetDependency */ = {
			isa = PBXTargetDependency;
			target = B5EA87BE1F819CB500BDCE42 /* LyricLab */;
			targetProxy = B5EA87DF1F819CB500BDCE42 /* PBXContainerItemProxy */;
		};
/* End PBXTargetDependency section */

/* Begin PBXVariantGroup section */
		B5EA87C61F819CB500BDCE42 /* Main.storyboard */ = {
			isa = PBXVariantGroup;
			children = (
				B5EA87C71F819CB500BDCE42 /* Base */,
			);
			name = Main.storyboard;
			sourceTree = "<group>";
		};
		B5EA87CB1F819CB500BDCE42 /* LaunchScreen.storyboard */ = {
			isa = PBXVariantGroup;
			children = (
				B5EA87CC1F819CB500BDCE42 /* Base */,
			);
			name = LaunchScreen.storyboard;
			sourceTree = "<group>";
		};
/* End PBXVariantGroup section */

/* Begin XCBuildConfiguration section */
		B5EA87E51F819CB500BDCE42 /* Debug */ = {
			isa = XCBuildConfiguration;
			buildSettings = {
				ALWAYS_SEARCH_USER_PATHS = NO;
				CLANG_ANALYZER_NONNULL = YES;
				CLANG_ANALYZER_NUMBER_OBJECT_CONVERSION = YES_AGGRESSIVE;
				CLANG_CXX_LANGUAGE_STANDARD = "gnu++14";
				CLANG_CXX_LIBRARY = "libc++";
				CLANG_ENABLE_MODULES = YES;
				CLANG_ENABLE_OBJC_ARC = YES;
				CLANG_WARN_BLOCK_CAPTURE_AUTORELEASING = YES;
				CLANG_WARN_BOOL_CONVERSION = YES;
				CLANG_WARN_COMMA = YES;
				CLANG_WARN_CONSTANT_CONVERSION = YES;
				CLANG_WARN_DIRECT_OBJC_ISA_USAGE = YES_ERROR;
				CLANG_WARN_DOCUMENTATION_COMMENTS = YES;
				CLANG_WARN_EMPTY_BODY = YES;
				CLANG_WARN_ENUM_CONVERSION = YES;
				CLANG_WARN_INFINITE_RECURSION = YES;
				CLANG_WARN_INT_CONVERSION = YES;
				CLANG_WARN_NON_LITERAL_NULL_CONVERSION = YES;
				CLANG_WARN_OBJC_LITERAL_CONVERSION = YES;
				CLANG_WARN_OBJC_ROOT_CLASS = YES_ERROR;
				CLANG_WARN_RANGE_LOOP_ANALYSIS = YES;
				CLANG_WARN_STRICT_PROTOTYPES = YES;
				CLANG_WARN_SUSPICIOUS_MOVE = YES;
				CLANG_WARN_UNGUARDED_AVAILABILITY = YES_AGGRESSIVE;
				CLANG_WARN_UNREACHABLE_CODE = YES;
				CLANG_WARN__DUPLICATE_METHOD_MATCH = YES;
				CODE_SIGN_IDENTITY = "iPhone Developer";
				COPY_PHASE_STRIP = NO;
				DEBUG_INFORMATION_FORMAT = dwarf;
				ENABLE_STRICT_OBJC_MSGSEND = YES;
				ENABLE_TESTABILITY = YES;
				GCC_C_LANGUAGE_STANDARD = gnu11;
				GCC_DYNAMIC_NO_PIC = NO;
				GCC_NO_COMMON_BLOCKS = YES;
				GCC_OPTIMIZATION_LEVEL = 0;
				GCC_PREPROCESSOR_DEFINITIONS = (
					"DEBUG=1",
					"$(inherited)",
				);
				GCC_WARN_64_TO_32_BIT_CONVERSION = YES;
				GCC_WARN_ABOUT_RETURN_TYPE = YES_ERROR;
				GCC_WARN_UNDECLARED_SELECTOR = YES;
				GCC_WARN_UNINITIALIZED_AUTOS = YES_AGGRESSIVE;
				GCC_WARN_UNUSED_FUNCTION = YES;
				GCC_WARN_UNUSED_VARIABLE = YES;
				IPHONEOS_DEPLOYMENT_TARGET = 11.0;
				MTL_ENABLE_DEBUG_INFO = YES;
				ONLY_ACTIVE_ARCH = YES;
				SDKROOT = iphoneos;
				SWIFT_ACTIVE_COMPILATION_CONDITIONS = DEBUG;
				SWIFT_OPTIMIZATION_LEVEL = "-Onone";
			};
			name = Debug;
		};
		B5EA87E61F819CB500BDCE42 /* Release */ = {
			isa = XCBuildConfiguration;
			buildSettings = {
				ALWAYS_SEARCH_USER_PATHS = NO;
				CLANG_ANALYZER_NONNULL = YES;
				CLANG_ANALYZER_NUMBER_OBJECT_CONVERSION = YES_AGGRESSIVE;
				CLANG_CXX_LANGUAGE_STANDARD = "gnu++14";
				CLANG_CXX_LIBRARY = "libc++";
				CLANG_ENABLE_MODULES = YES;
				CLANG_ENABLE_OBJC_ARC = YES;
				CLANG_WARN_BLOCK_CAPTURE_AUTORELEASING = YES;
				CLANG_WARN_BOOL_CONVERSION = YES;
				CLANG_WARN_COMMA = YES;
				CLANG_WARN_CONSTANT_CONVERSION = YES;
				CLANG_WARN_DIRECT_OBJC_ISA_USAGE = YES_ERROR;
				CLANG_WARN_DOCUMENTATION_COMMENTS = YES;
				CLANG_WARN_EMPTY_BODY = YES;
				CLANG_WARN_ENUM_CONVERSION = YES;
				CLANG_WARN_INFINITE_RECURSION = YES;
				CLANG_WARN_INT_CONVERSION = YES;
				CLANG_WARN_NON_LITERAL_NULL_CONVERSION = YES;
				CLANG_WARN_OBJC_LITERAL_CONVERSION = YES;
				CLANG_WARN_OBJC_ROOT_CLASS = YES_ERROR;
				CLANG_WARN_RANGE_LOOP_ANALYSIS = YES;
				CLANG_WARN_STRICT_PROTOTYPES = YES;
				CLANG_WARN_SUSPICIOUS_MOVE = YES;
				CLANG_WARN_UNGUARDED_AVAILABILITY = YES_AGGRESSIVE;
				CLANG_WARN_UNREACHABLE_CODE = YES;
				CLANG_WARN__DUPLICATE_METHOD_MATCH = YES;
				CODE_SIGN_IDENTITY = "iPhone Developer";
				COPY_PHASE_STRIP = NO;
				DEBUG_INFORMATION_FORMAT = "dwarf-with-dsym";
				ENABLE_NS_ASSERTIONS = NO;
				ENABLE_STRICT_OBJC_MSGSEND = YES;
				GCC_C_LANGUAGE_STANDARD = gnu11;
				GCC_NO_COMMON_BLOCKS = YES;
				GCC_WARN_64_TO_32_BIT_CONVERSION = YES;
				GCC_WARN_ABOUT_RETURN_TYPE = YES_ERROR;
				GCC_WARN_UNDECLARED_SELECTOR = YES;
				GCC_WARN_UNINITIALIZED_AUTOS = YES_AGGRESSIVE;
				GCC_WARN_UNUSED_FUNCTION = YES;
				GCC_WARN_UNUSED_VARIABLE = YES;
				IPHONEOS_DEPLOYMENT_TARGET = 11.0;
				MTL_ENABLE_DEBUG_INFO = NO;
				SDKROOT = iphoneos;
				SWIFT_OPTIMIZATION_LEVEL = "-Owholemodule";
				VALIDATE_PRODUCT = YES;
			};
			name = Release;
		};
		B5EA87E81F819CB500BDCE42 /* Debug */ = {
			isa = XCBuildConfiguration;
			buildSettings = {
				ASSETCATALOG_COMPILER_APPICON_NAME = AppIcon;
				CODE_SIGN_STYLE = Automatic;
				DEVELOPMENT_TEAM = UZV9JB2U7V;
				INFOPLIST_FILE = LyricLab/Info.plist;
				LD_RUNPATH_SEARCH_PATHS = "$(inherited) @executable_path/Frameworks";
				PRODUCT_BUNDLE_IDENTIFIER = punya.LyricLab;
				PRODUCT_NAME = "$(TARGET_NAME)";
				SWIFT_VERSION = 4.0;
				TARGETED_DEVICE_FAMILY = "1,2";
			};
			name = Debug;
		};
		B5EA87E91F819CB500BDCE42 /* Release */ = {
			isa = XCBuildConfiguration;
			buildSettings = {
				ASSETCATALOG_COMPILER_APPICON_NAME = AppIcon;
				CODE_SIGN_STYLE = Automatic;
				DEVELOPMENT_TEAM = UZV9JB2U7V;
				INFOPLIST_FILE = LyricLab/Info.plist;
				LD_RUNPATH_SEARCH_PATHS = "$(inherited) @executable_path/Frameworks";
				PRODUCT_BUNDLE_IDENTIFIER = punya.LyricLab;
				PRODUCT_NAME = "$(TARGET_NAME)";
				SWIFT_VERSION = 4.0;
				TARGETED_DEVICE_FAMILY = "1,2";
			};
			name = Release;
		};
		B5EA87EB1F819CB500BDCE42 /* Debug */ = {
			isa = XCBuildConfiguration;
			buildSettings = {
				ALWAYS_EMBED_SWIFT_STANDARD_LIBRARIES = YES;
				BUNDLE_LOADER = "$(TEST_HOST)";
				CODE_SIGN_STYLE = Automatic;
				DEVELOPMENT_TEAM = UZV9JB2U7V;
				INFOPLIST_FILE = LyricLabTests/Info.plist;
				LD_RUNPATH_SEARCH_PATHS = "$(inherited) @executable_path/Frameworks @loader_path/Frameworks";
				PRODUCT_BUNDLE_IDENTIFIER = punya.LyricLabTests;
				PRODUCT_NAME = "$(TARGET_NAME)";
				SWIFT_VERSION = 4.0;
				TARGETED_DEVICE_FAMILY = "1,2";
				TEST_HOST = "$(BUILT_PRODUCTS_DIR)/LyricLab.app/LyricLab";
			};
			name = Debug;
		};
		B5EA87EC1F819CB500BDCE42 /* Release */ = {
			isa = XCBuildConfiguration;
			buildSettings = {
				ALWAYS_EMBED_SWIFT_STANDARD_LIBRARIES = YES;
				BUNDLE_LOADER = "$(TEST_HOST)";
				CODE_SIGN_STYLE = Automatic;
				DEVELOPMENT_TEAM = UZV9JB2U7V;
				INFOPLIST_FILE = LyricLabTests/Info.plist;
				LD_RUNPATH_SEARCH_PATHS = "$(inherited) @executable_path/Frameworks @loader_path/Frameworks";
				PRODUCT_BUNDLE_IDENTIFIER = punya.LyricLabTests;
				PRODUCT_NAME = "$(TARGET_NAME)";
				SWIFT_VERSION = 4.0;
				TARGETED_DEVICE_FAMILY = "1,2";
				TEST_HOST = "$(BUILT_PRODUCTS_DIR)/LyricLab.app/LyricLab";
			};
			name = Release;
		};
		B5EA87EE1F819CB500BDCE42 /* Debug */ = {
			isa = XCBuildConfiguration;
			buildSettings = {
				ALWAYS_EMBED_SWIFT_STANDARD_LIBRARIES = YES;
				CODE_SIGN_STYLE = Automatic;
				DEVELOPMENT_TEAM = UZV9JB2U7V;
				INFOPLIST_FILE = LyricLabUITests/Info.plist;
				LD_RUNPATH_SEARCH_PATHS = "$(inherited) @executable_path/Frameworks @loader_path/Frameworks";
				PRODUCT_BUNDLE_IDENTIFIER = punya.LyricLabUITests;
				PRODUCT_NAME = "$(TARGET_NAME)";
				SWIFT_VERSION = 4.0;
				TARGETED_DEVICE_FAMILY = "1,2";
				TEST_TARGET_NAME = LyricLab;
			};
			name = Debug;
		};
		B5EA87EF1F819CB500BDCE42 /* Release */ = {
			isa = XCBuildConfiguration;
			buildSettings = {
				ALWAYS_EMBED_SWIFT_STANDARD_LIBRARIES = YES;
				CODE_SIGN_STYLE = Automatic;
				DEVELOPMENT_TEAM = UZV9JB2U7V;
				INFOPLIST_FILE = LyricLabUITests/Info.plist;
				LD_RUNPATH_SEARCH_PATHS = "$(inherited) @executable_path/Frameworks @loader_path/Frameworks";
				PRODUCT_BUNDLE_IDENTIFIER = punya.LyricLabUITests;
				PRODUCT_NAME = "$(TARGET_NAME)";
				SWIFT_VERSION = 4.0;
				TARGETED_DEVICE_FAMILY = "1,2";
				TEST_TARGET_NAME = LyricLab;
			};
			name = Release;
		};
/* End XCBuildConfiguration section */

/* Begin XCConfigurationList section */
		B5EA87BA1F819CB500BDCE42 /* Build configuration list for PBXProject "LyricLab" */ = {
			isa = XCConfigurationList;
			buildConfigurations = (
				B5EA87E51F819CB500BDCE42 /* Debug */,
				B5EA87E61F819CB500BDCE42 /* Release */,
			);
			defaultConfigurationIsVisible = 0;
			defaultConfigurationName = Release;
		};
		B5EA87E71F819CB500BDCE42 /* Build configuration list for PBXNativeTarget "LyricLab" */ = {
			isa = XCConfigurationList;
			buildConfigurations = (
				B5EA87E81F819CB500BDCE42 /* Debug */,
				B5EA87E91F819CB500BDCE42 /* Release */,
			);
			defaultConfigurationIsVisible = 0;
			defaultConfigurationName = Release;
		};
		B5EA87EA1F819CB500BDCE42 /* Build configuration list for PBXNativeTarget "LyricLabTests" */ = {
			isa = XCConfigurationList;
			buildConfigurations = (
				B5EA87EB1F819CB500BDCE42 /* Debug */,
				B5EA87EC1F819CB500BDCE42 /* Release */,
			);
			defaultConfigurationIsVisible = 0;
			defaultConfigurationName = Release;
		};
		B5EA87ED1F819CB500BDCE42 /* Build configuration list for PBXNativeTarget "LyricLabUITests" */ = {
			isa = XCConfigurationList;
			buildConfigurations = (
				B5EA87EE1F819CB500BDCE42 /* Debug */,
				B5EA87EF1F819CB500BDCE42 /* Release */,
			);
			defaultConfigurationIsVisible = 0;
			defaultConfigurationName = Release;
		};
/* End XCConfigurationList section */
	};
	rootObject = B5EA87B71F819CB500BDCE42 /* Project object */;
}
